
Microsoft Visual Studio Solution File, Format Version 12.00
# Visual Studio Version 17
VisualStudioVersion = 17.3.32929.385
MinimumVisualStudioVersion = 10.0.40219.1
Project("{9A19103F-16F7-4668-BE54-9A1E7A4F7556}") = "01-IComparableImplementation", "01-IComparableImplementation\01-IComparableImplementation.csproj", "{6C99B4C8-BB44-4896-9D5C-5DBABB56ACED}"
EndProject
Project("{9A19103F-16F7-4668-BE54-9A1E7A4F7556}") = "03-Delegates", "02-Delegates\03-Delegates.csproj", "{13772F7B-ACA4-4F13-88DA-B9DAB6809C0F}"
EndProject
Project("{9A19103F-16F7-4668-BE54-9A1E7A4F7556}") = "02-NaoReferencialmenteTransparente", "02-NaoReferencialmenteTransparente\02-NaoReferencialmenteTransparente.csproj", "{75AA3E81-4CA4-4AB5-9E3D-05446193EF4F}"
EndProject
Project("{9A19103F-16F7-4668-BE54-9A1E7A4F7556}") = "04-MulticastDelegates", "04-MulticastDelegates\04-MulticastDelegates.csproj", "{1468EE04-5EB5-48AF-9F87-833E72908198}"
EndProject
Project("{9A19103F-16F7-4668-BE54-9A1E7A4F7556}") = "05-Predicate", "05-Predicate\05-Predicate.csproj", "{388213D3-D062-44AF-B81C-9D0881749F02}"
EndProject
Project("{9A19103F-16F7-4668-BE54-9A1E7A4F7556}") = "06-Action", "06-Action\06-Action.csproj", "{BBFB442E-3C72-4E08-B107-A29AF6F6E2BB}"
EndProject
Project("{9A19103F-16F7-4668-BE54-9A1E7A4F7556}") = "07-Func", "07-Func\07-Func.csproj", "{9A7EDF93-66AE-4DF4-8750-4F35FFAB3BB5}"
EndProject
Project("{9A19103F-16F7-4668-BE54-9A1E7A4F7556}") = "08-Linq-Introducao", "08-Linq-Introducao\08-Linq-Introducao.csproj", "{D643F7D9-2418-4254-9E6F-1DEA3898D650}"
EndProject
Project("{9A19103F-16F7-4668-BE54-9A1E7A4F7556}") = "09-OperacoesLinq", "09-OperacoesLinq\09-OperacoesLinq.csproj", "{11AB372F-D7A5-47E4-9489-72CD8DFD3818}"
EndProject
Project("{9A19103F-16F7-4668-BE54-9A1E7A4F7556}") = "10-Exercicio", "10-Exercicio\10-Exercicio.csproj", "{8FFE9DCD-EB1E-4181-BF51-6A4D5C413DEE}"
EndProject
Project("{FAE04EC0-301F-11D3-BF4B-00C04F79EFBC}") = "11-Fixacao", "11-Fixacao\11-Fixacao.csproj", "{AFE0C672-D552-406C-9BD9-C3EC006D4876}"
EndProject
Global
	GlobalSection(SolutionConfigurationPlatforms) = preSolution
		Debug|Any CPU = Debug|Any CPU
		Release|Any CPU = Release|Any CPU
	EndGlobalSection
	GlobalSection(ProjectConfigurationPlatforms) = postSolution
		{6C99B4C8-BB44-4896-9D5C-5DBABB56ACED}.Debug|Any CPU.ActiveCfg = Debug|Any CPU
		{6C99B4C8-BB44-4896-9D5C-5DBABB56ACED}.Debug|Any CPU.Build.0 = Debug|Any CPU
		{6C99B4C8-BB44-4896-9D5C-5DBABB56ACED}.Release|Any CPU.ActiveCfg = Release|Any CPU
		{6C99B4C8-BB44-4896-9D5C-5DBABB56ACED}.Release|Any CPU.Build.0 = Release|Any CPU
		{13772F7B-ACA4-4F13-88DA-B9DAB6809C0F}.Debug|Any CPU.ActiveCfg = Debug|Any CPU
		{13772F7B-ACA4-4F13-88DA-B9DAB6809C0F}.Debug|Any CPU.Build.0 = Debug|Any CPU
		{13772F7B-ACA4-4F13-88DA-B9DAB6809C0F}.Release|Any CPU.ActiveCfg = Release|Any CPU
		{13772F7B-ACA4-4F13-88DA-B9DAB6809C0F}.Release|Any CPU.Build.0 = Release|Any CPU
		{75AA3E81-4CA4-4AB5-9E3D-05446193EF4F}.Debug|Any CPU.ActiveCfg = Debug|Any CPU
		{75AA3E81-4CA4-4AB5-9E3D-05446193EF4F}.Debug|Any CPU.Build.0 = Debug|Any CPU
		{75AA3E81-4CA4-4AB5-9E3D-05446193EF4F}.Release|Any CPU.ActiveCfg = Release|Any CPU
		{75AA3E81-4CA4-4AB5-9E3D-05446193EF4F}.Release|Any CPU.Build.0 = Release|Any CPU
		{1468EE04-5EB5-48AF-9F87-833E72908198}.Debug|Any CPU.ActiveCfg = Debug|Any CPU
		{1468EE04-5EB5-48AF-9F87-833E72908198}.Debug|Any CPU.Build.0 = Debug|Any CPU
		{1468EE04-5EB5-48AF-9F87-833E72908198}.Release|Any CPU.ActiveCfg = Release|Any CPU
		{1468EE04-5EB5-48AF-9F87-833E72908198}.Release|Any CPU.Build.0 = Release|Any CPU
		{388213D3-D062-44AF-B81C-9D0881749F02}.Debug|Any CPU.ActiveCfg = Debug|Any CPU
		{388213D3-D062-44AF-B81C-9D0881749F02}.Debug|Any CPU.Build.0 = Debug|Any CPU
		{388213D3-D062-44AF-B81C-9D0881749F02}.Release|Any CPU.ActiveCfg = Release|Any CPU
		{388213D3-D062-44AF-B81C-9D0881749F02}.Release|Any CPU.Build.0 = Release|Any CPU
		{BBFB442E-3C72-4E08-B107-A29AF6F6E2BB}.Debug|Any CPU.ActiveCfg = Debug|Any CPU
		{BBFB442E-3C72-4E08-B107-A29AF6F6E2BB}.Debug|Any CPU.Build.0 = Debug|Any CPU
		{BBFB442E-3C72-4E08-B107-A29AF6F6E2BB}.Release|Any CPU.ActiveCfg = Release|Any CPU
		{BBFB442E-3C72-4E08-B107-A29AF6F6E2BB}.Release|Any CPU.Build.0 = Release|Any CPU
		{9A7EDF93-66AE-4DF4-8750-4F35FFAB3BB5}.Debug|Any CPU.ActiveCfg = Debug|Any CPU
		{9A7EDF93-66AE-4DF4-8750-4F35FFAB3BB5}.Debug|Any CPU.Build.0 = Debug|Any CPU
		{9A7EDF93-66AE-4DF4-8750-4F35FFAB3BB5}.Release|Any CPU.ActiveCfg = Release|Any CPU
		{9A7EDF93-66AE-4DF4-8750-4F35FFAB3BB5}.Release|Any CPU.Build.0 = Release|Any CPU
		{D643F7D9-2418-4254-9E6F-1DEA3898D650}.Debug|Any CPU.ActiveCfg = Debug|Any CPU
		{D643F7D9-2418-4254-9E6F-1DEA3898D650}.Debug|Any CPU.Build.0 = Debug|Any CPU
		{D643F7D9-2418-4254-9E6F-1DEA3898D650}.Release|Any CPU.ActiveCfg = Release|Any CPU
		{D643F7D9-2418-4254-9E6F-1DEA3898D650}.Release|Any CPU.Build.0 = Release|Any CPU
		{11AB372F-D7A5-47E4-9489-72CD8DFD3818}.Debug|Any CPU.ActiveCfg = Debug|Any CPU
		{11AB372F-D7A5-47E4-9489-72CD8DFD3818}.Debug|Any CPU.Build.0 = Debug|Any CPU
		{11AB372F-D7A5-47E4-9489-72CD8DFD3818}.Release|Any CPU.ActiveCfg = Release|Any CPU
		{11AB372F-D7A5-47E4-9489-72CD8DFD3818}.Release|Any CPU.Build.0 = Release|Any CPU
		{8FFE9DCD-EB1E-4181-BF51-6A4D5C413DEE}.Debug|Any CPU.ActiveCfg = Debug|Any CPU
		{8FFE9DCD-EB1E-4181-BF51-6A4D5C413DEE}.Debug|Any CPU.Build.0 = Debug|Any CPU
		{8FFE9DCD-EB1E-4181-BF51-6A4D5C413DEE}.Release|Any CPU.ActiveCfg = Release|Any CPU
		{8FFE9DCD-EB1E-4181-BF51-6A4D5C413DEE}.Release|Any CPU.Build.0 = Release|Any CPU
		{AFE0C672-D552-406C-9BD9-C3EC006D4876}.Debug|Any CPU.ActiveCfg = Debug|Any CPU
		{AFE0C672-D552-406C-9BD9-C3EC006D4876}.Debug|Any CPU.Build.0 = Debug|Any CPU
		{AFE0C672-D552-406C-9BD9-C3EC006D4876}.Release|Any CPU.ActiveCfg = Release|Any CPU
		{AFE0C672-D552-406C-9BD9-C3EC006D4876}.Release|Any CPU.Build.0 = Release|Any CPU
	EndGlobalSection
	GlobalSection(SolutionProperties) = preSolution
		HideSolutionNode = FALSE
	EndGlobalSection
	GlobalSection(ExtensibilityGlobals) = postSolution
		SolutionGuid = {FE031130-2B96-46DF-9407-2F9F7AE1CA2F}
	EndGlobalSection
EndGlobal
